// !$*UTF8*$!
{
	archiveVersion = 1;
	classes = {
	};
	objectVersion = 60;
	objects = {

/* Begin PBXBuildFile section */
		436CC0972D808CC500F9E4E2 /* CatsViewModel.swift in Sources */ = {isa = PBXBuildFile; fileRef = 436CC0952D808CC400F9E4E2 /* CatsViewModel.swift */; };
		436CC0982D808CC500F9E4E2 /* CatsView.swift in Sources */ = {isa = PBXBuildFile; fileRef = 436CC0962D808CC400F9E4E2 /* CatsView.swift */; };
		436CC09B2D8091D300F9E4E2 /* GridItem+Layout.swift in Sources */ = {isa = PBXBuildFile; fileRef = 436CC09A2D8091D300F9E4E2 /* GridItem+Layout.swift */; };
		437CD5102D94C62800A909A6 /* BackgroundTransferRevised_ExampleApp.swift in Sources */ = {isa = PBXBuildFile; fileRef = 437CD50D2D94C62800A909A6 /* BackgroundTransferRevised_ExampleApp.swift */; };
		437CD5112D94C62800A909A6 /* AppDelegate.swift in Sources */ = {isa = PBXBuildFile; fileRef = 437CD50E2D94C62800A909A6 /* AppDelegate.swift */; };
		43D1CF5A2D80860E00AC1ED9 /* Preview Assets.xcassets in Resources */ = {isa = PBXBuildFile; fileRef = 43D1CF592D80860E00AC1ED9 /* Preview Assets.xcassets */; };
		43D1CF642D80860E00AC1ED9 /* BackgroundTransferRevised_ExampleTests.swift in Sources */ = {isa = PBXBuildFile; fileRef = 43D1CF632D80860E00AC1ED9 /* BackgroundTransferRevised_ExampleTests.swift */; };
		43D1CF832D808A5000AC1ED9 /* Assets.xcassets in Resources */ = {isa = PBXBuildFile; fileRef = 43D1CF7E2D808A5000AC1ED9 /* Assets.xcassets */; };
		43D1CF842D808A5000AC1ED9 /* ImageLoader.swift in Sources */ = {isa = PBXBuildFile; fileRef = 43D1CF802D808A5000AC1ED9 /* ImageLoader.swift */; };
		43D1CF852D808A5000AC1ED9 /* NetworkService.swift in Sources */ = {isa = PBXBuildFile; fileRef = 43D1CF812D808A5000AC1ED9 /* NetworkService.swift */; };
		43E208BA2D942444006B7E12 /* BackgroundDownloadStore.swift in Sources */ = {isa = PBXBuildFile; fileRef = 43E208B82D942444006B7E12 /* BackgroundDownloadStore.swift */; };
		43E208BB2D942444006B7E12 /* BackgroundDownloadService.swift in Sources */ = {isa = PBXBuildFile; fileRef = 43E208B92D942444006B7E12 /* BackgroundDownloadService.swift */; };
/* End PBXBuildFile section */

/* Begin PBXContainerItemProxy section */
		43D1CF602D80860E00AC1ED9 /* PBXContainerItemProxy */ = {
			isa = PBXContainerItemProxy;
			containerPortal = 43D1CF472D80860C00AC1ED9 /* Project object */;
			proxyType = 1;
			remoteGlobalIDString = 43D1CF4E2D80860C00AC1ED9;
			remoteInfo = "BackgroundTransferRevised-Example";
		};
/* End PBXContainerItemProxy section */

/* Begin PBXFileReference section */
		436CC0952D808CC400F9E4E2 /* CatsViewModel.swift */ = {isa = PBXFileReference; fileEncoding = 4; lastKnownFileType = sourcecode.swift; path = CatsViewModel.swift; sourceTree = "<group>"; };
		436CC0962D808CC400F9E4E2 /* CatsView.swift */ = {isa = PBXFileReference; fileEncoding = 4; lastKnownFileType = sourcecode.swift; path = CatsView.swift; sourceTree = "<group>"; };
		436CC09A2D8091D300F9E4E2 /* GridItem+Layout.swift */ = {isa = PBXFileReference; fileEncoding = 4; lastKnownFileType = sourcecode.swift; path = "GridItem+Layout.swift"; sourceTree = "<group>"; };
		437CD50D2D94C62800A909A6 /* BackgroundTransferRevised_ExampleApp.swift */ = {isa = PBXFileReference; fileEncoding = 4; lastKnownFileType = sourcecode.swift; path = BackgroundTransferRevised_ExampleApp.swift; sourceTree = "<group>"; };
		437CD50E2D94C62800A909A6 /* AppDelegate.swift */ = {isa = PBXFileReference; fileEncoding = 4; lastKnownFileType = sourcecode.swift; path = AppDelegate.swift; sourceTree = "<group>"; };
		437CD50F2D94C62800A909A6 /* Info.plist */ = {isa = PBXFileReference; fileEncoding = 4; lastKnownFileType = text.plist.xml; path = Info.plist; sourceTree = "<group>"; };
		437CD5132D94C66C00A909A6 /* Info.plist */ = {isa = PBXFileReference; fileEncoding = 4; lastKnownFileType = text.plist.xml; path = Info.plist; sourceTree = "<group>"; };
		43D1CF4F2D80860C00AC1ED9 /* BackgroundTransferRevised-Example.app */ = {isa = PBXFileReference; explicitFileType = wrapper.application; includeInIndex = 0; path = "BackgroundTransferRevised-Example.app"; sourceTree = BUILT_PRODUCTS_DIR; };
		43D1CF592D80860E00AC1ED9 /* Preview Assets.xcassets */ = {isa = PBXFileReference; lastKnownFileType = folder.assetcatalog; path = "Preview Assets.xcassets"; sourceTree = "<group>"; };
		43D1CF5F2D80860E00AC1ED9 /* BackgroundTransferRevised-ExampleTests.xctest */ = {isa = PBXFileReference; explicitFileType = wrapper.cfbundle; includeInIndex = 0; path = "BackgroundTransferRevised-ExampleTests.xctest"; sourceTree = BUILT_PRODUCTS_DIR; };
		43D1CF632D80860E00AC1ED9 /* BackgroundTransferRevised_ExampleTests.swift */ = {isa = PBXFileReference; lastKnownFileType = sourcecode.swift; path = BackgroundTransferRevised_ExampleTests.swift; sourceTree = "<group>"; };
		43D1CF7E2D808A5000AC1ED9 /* Assets.xcassets */ = {isa = PBXFileReference; lastKnownFileType = folder.assetcatalog; path = Assets.xcassets; sourceTree = "<group>"; };
		43D1CF802D808A5000AC1ED9 /* ImageLoader.swift */ = {isa = PBXFileReference; fileEncoding = 4; lastKnownFileType = sourcecode.swift; path = ImageLoader.swift; sourceTree = "<group>"; };
		43D1CF812D808A5000AC1ED9 /* NetworkService.swift */ = {isa = PBXFileReference; fileEncoding = 4; lastKnownFileType = sourcecode.swift; path = NetworkService.swift; sourceTree = "<group>"; };
		43E208B82D942444006B7E12 /* BackgroundDownloadStore.swift */ = {isa = PBXFileReference; fileEncoding = 4; lastKnownFileType = sourcecode.swift; path = BackgroundDownloadStore.swift; sourceTree = "<group>"; };
		43E208B92D942444006B7E12 /* BackgroundDownloadService.swift */ = {isa = PBXFileReference; fileEncoding = 4; lastKnownFileType = sourcecode.swift; path = BackgroundDownloadService.swift; sourceTree = "<group>"; };
/* End PBXFileReference section */

/* Begin PBXFrameworksBuildPhase section */
		43D1CF4C2D80860C00AC1ED9 /* Frameworks */ = {
			isa = PBXFrameworksBuildPhase;
			buildActionMask = 2147483647;
			files = (
			);
			runOnlyForDeploymentPostprocessing = 0;
		};
		43D1CF5C2D80860E00AC1ED9 /* Frameworks */ = {
			isa = PBXFrameworksBuildPhase;
			buildActionMask = 2147483647;
			files = (
			);
			runOnlyForDeploymentPostprocessing = 0;
		};
/* End PBXFrameworksBuildPhase section */

/* Begin PBXGroup section */
		436CC0932D808CC400F9E4E2 /* Features */ = {
			isa = PBXGroup;
			children = (
				436CC0942D808CC400F9E4E2 /* Cats */,
			);
			path = Features;
			sourceTree = "<group>";
		};
		436CC0942D808CC400F9E4E2 /* Cats */ = {
			isa = PBXGroup;
			children = (
				436CC0952D808CC400F9E4E2 /* CatsViewModel.swift */,
				436CC0962D808CC400F9E4E2 /* CatsView.swift */,
			);
			path = Cats;
			sourceTree = "<group>";
		};
		436CC0992D8091D300F9E4E2 /* Extensions */ = {
			isa = PBXGroup;
			children = (
				436CC09A2D8091D300F9E4E2 /* GridItem+Layout.swift */,
			);
			path = Extensions;
			sourceTree = "<group>";
		};
		437CD50C2D94C62800A909A6 /* Application */ = {
			isa = PBXGroup;
			children = (
				437CD50D2D94C62800A909A6 /* BackgroundTransferRevised_ExampleApp.swift */,
				437CD50E2D94C62800A909A6 /* AppDelegate.swift */,
				437CD50F2D94C62800A909A6 /* Info.plist */,
			);
			path = Application;
			sourceTree = "<group>";
		};
		43D1CF462D80860C00AC1ED9 = {
			isa = PBXGroup;
			children = (
				43D1CF512D80860C00AC1ED9 /* BackgroundTransferRevised-Example */,
				43D1CF622D80860E00AC1ED9 /* BackgroundTransferRevised-ExampleTests */,
				43D1CF502D80860C00AC1ED9 /* Products */,
			);
			sourceTree = "<group>";
		};
		43D1CF502D80860C00AC1ED9 /* Products */ = {
			isa = PBXGroup;
			children = (
				43D1CF4F2D80860C00AC1ED9 /* BackgroundTransferRevised-Example.app */,
				43D1CF5F2D80860E00AC1ED9 /* BackgroundTransferRevised-ExampleTests.xctest */,
			);
			name = Products;
			sourceTree = "<group>";
		};
		43D1CF512D80860C00AC1ED9 /* BackgroundTransferRevised-Example */ = {
			isa = PBXGroup;
			children = (
				437CD50C2D94C62800A909A6 /* Application */,
				436CC0992D8091D300F9E4E2 /* Extensions */,
				436CC0932D808CC400F9E4E2 /* Features */,
				43D1CF7F2D808A5000AC1ED9 /* Network */,
				43D1CF7C2D808A5000AC1ED9 /* Resources */,
				43D1CF582D80860E00AC1ED9 /* Preview Content */,
			);
			path = "BackgroundTransferRevised-Example";
			sourceTree = "<group>";
		};
		43D1CF582D80860E00AC1ED9 /* Preview Content */ = {
			isa = PBXGroup;
			children = (
				43D1CF592D80860E00AC1ED9 /* Preview Assets.xcassets */,
			);
			path = "Preview Content";
			sourceTree = "<group>";
		};
		43D1CF622D80860E00AC1ED9 /* BackgroundTransferRevised-ExampleTests */ = {
			isa = PBXGroup;
			children = (
				437CD5132D94C66C00A909A6 /* Info.plist */,
				43D1CF632D80860E00AC1ED9 /* BackgroundTransferRevised_ExampleTests.swift */,
			);
			path = "BackgroundTransferRevised-ExampleTests";
			sourceTree = "<group>";
		};
		43D1CF7C2D808A5000AC1ED9 /* Resources */ = {
			isa = PBXGroup;
			children = (
				43D1CF7D2D808A5000AC1ED9 /* Images */,
			);
			path = Resources;
			sourceTree = "<group>";
		};
		43D1CF7D2D808A5000AC1ED9 /* Images */ = {
			isa = PBXGroup;
			children = (
				43D1CF7E2D808A5000AC1ED9 /* Assets.xcassets */,
			);
			path = Images;
			sourceTree = "<group>";
		};
		43D1CF7F2D808A5000AC1ED9 /* Network */ = {
			isa = PBXGroup;
			children = (
				43D1CF802D808A5000AC1ED9 /* ImageLoader.swift */,
				43D1CF812D808A5000AC1ED9 /* NetworkService.swift */,
				43E208B92D942444006B7E12 /* BackgroundDownloadService.swift */,
				43E208B82D942444006B7E12 /* BackgroundDownloadStore.swift */,
			);
			path = Network;
			sourceTree = "<group>";
		};
/* End PBXGroup section */

/* Begin PBXNativeTarget section */
		43D1CF4E2D80860C00AC1ED9 /* BackgroundTransferRevised-Example */ = {
			isa = PBXNativeTarget;
			buildConfigurationList = 43D1CF732D80860E00AC1ED9 /* Build configuration list for PBXNativeTarget "BackgroundTransferRevised-Example" */;
			buildPhases = (
				43D1CF4B2D80860C00AC1ED9 /* Sources */,
				43D1CF4C2D80860C00AC1ED9 /* Frameworks */,
				43D1CF4D2D80860C00AC1ED9 /* Resources */,
			);
			buildRules = (
			);
			dependencies = (
			);
			name = "BackgroundTransferRevised-Example";
			productName = "BackgroundTransferRevised-Example";
			productReference = 43D1CF4F2D80860C00AC1ED9 /* BackgroundTransferRevised-Example.app */;
			productType = "com.apple.product-type.application";
		};
		43D1CF5E2D80860E00AC1ED9 /* BackgroundTransferRevised-ExampleTests */ = {
			isa = PBXNativeTarget;
			buildConfigurationList = 43D1CF762D80860E00AC1ED9 /* Build configuration list for PBXNativeTarget "BackgroundTransferRevised-ExampleTests" */;
			buildPhases = (
				43D1CF5B2D80860E00AC1ED9 /* Sources */,
				43D1CF5C2D80860E00AC1ED9 /* Frameworks */,
				43D1CF5D2D80860E00AC1ED9 /* Resources */,
			);
			buildRules = (
			);
			dependencies = (
				43D1CF612D80860E00AC1ED9 /* PBXTargetDependency */,
			);
			name = "BackgroundTransferRevised-ExampleTests";
			productName = "BackgroundTransferRevised-ExampleTests";
			productReference = 43D1CF5F2D80860E00AC1ED9 /* BackgroundTransferRevised-ExampleTests.xctest */;
			productType = "com.apple.product-type.bundle.unit-test";
		};
/* End PBXNativeTarget section */

/* Begin PBXProject section */
		43D1CF472D80860C00AC1ED9 /* Project object */ = {
			isa = PBXProject;
			attributes = {
				BuildIndependentTargetsInParallel = 1;
				LastSwiftUpdateCheck = 1520;
				LastUpgradeCheck = 1600;
				TargetAttributes = {
					43D1CF4E2D80860C00AC1ED9 = {
						CreatedOnToolsVersion = 15.2;
					};
					43D1CF5E2D80860E00AC1ED9 = {
						CreatedOnToolsVersion = 15.2;
						TestTargetID = 43D1CF4E2D80860C00AC1ED9;
					};
				};
			};
			buildConfigurationList = 43D1CF4A2D80860C00AC1ED9 /* Build configuration list for PBXProject "BackgroundTransferRevised-Example" */;
			compatibilityVersion = "Xcode 15.0";
			developmentRegion = en;
			hasScannedForEncodings = 0;
			knownRegions = (
				en,
				Base,
			);
			mainGroup = 43D1CF462D80860C00AC1ED9;
			productRefGroup = 43D1CF502D80860C00AC1ED9 /* Products */;
			projectDirPath = "";
			projectRoot = "";
			targets = (
				43D1CF4E2D80860C00AC1ED9 /* BackgroundTransferRevised-Example */,
				43D1CF5E2D80860E00AC1ED9 /* BackgroundTransferRevised-ExampleTests */,
			);
		};
/* End PBXProject section */

/* Begin PBXResourcesBuildPhase section */
		43D1CF4D2D80860C00AC1ED9 /* Resources */ = {
			isa = PBXResourcesBuildPhase;
			buildActionMask = 2147483647;
			files = (
				43D1CF5A2D80860E00AC1ED9 /* Preview Assets.xcassets in Resources */,
				43D1CF832D808A5000AC1ED9 /* Assets.xcassets in Resources */,
			);
			runOnlyForDeploymentPostprocessing = 0;
		};
		43D1CF5D2D80860E00AC1ED9 /* Resources */ = {
			isa = PBXResourcesBuildPhase;
			buildActionMask = 2147483647;
			files = (
			);
			runOnlyForDeploymentPostprocessing = 0;
		};
/* End PBXResourcesBuildPhase section */

/* Begin PBXSourcesBuildPhase section */
		43D1CF4B2D80860C00AC1ED9 /* Sources */ = {
			isa = PBXSourcesBuildPhase;
			buildActionMask = 2147483647;
			files = (
				437CD5112D94C62800A909A6 /* AppDelegate.swift in Sources */,
				436CC0972D808CC500F9E4E2 /* CatsViewModel.swift in Sources */,
				43D1CF852D808A5000AC1ED9 /* NetworkService.swift in Sources */,
				436CC0982D808CC500F9E4E2 /* CatsView.swift in Sources */,
				436CC09B2D8091D300F9E4E2 /* GridItem+Layout.swift in Sources */,
				43E208BA2D942444006B7E12 /* BackgroundDownloadStore.swift in Sources */,
				43E208BB2D942444006B7E12 /* BackgroundDownloadService.swift in Sources */,
				437CD5102D94C62800A909A6 /* BackgroundTransferRevised_ExampleApp.swift in Sources */,
				43D1CF842D808A5000AC1ED9 /* ImageLoader.swift in Sources */,
			);
			runOnlyForDeploymentPostprocessing = 0;
		};
		43D1CF5B2D80860E00AC1ED9 /* Sources */ = {
			isa = PBXSourcesBuildPhase;
			buildActionMask = 2147483647;
			files = (
				43D1CF642D80860E00AC1ED9 /* BackgroundTransferRevised_ExampleTests.swift in Sources */,
			);
			runOnlyForDeploymentPostprocessing = 0;
		};
/* End PBXSourcesBuildPhase section */

/* Begin PBXTargetDependency section */
		43D1CF612D80860E00AC1ED9 /* PBXTargetDependency */ = {
			isa = PBXTargetDependency;
			target = 43D1CF4E2D80860C00AC1ED9 /* BackgroundTransferRevised-Example */;
			targetProxy = 43D1CF602D80860E00AC1ED9 /* PBXContainerItemProxy */;
		};
/* End PBXTargetDependency section */

/* Begin XCBuildConfiguration section */
		43D1CF712D80860E00AC1ED9 /* Debug */ = {
			isa = XCBuildConfiguration;
			buildSettings = {
				ALWAYS_SEARCH_USER_PATHS = NO;
				ASSETCATALOG_COMPILER_GENERATE_SWIFT_ASSET_SYMBOL_EXTENSIONS = YES;
				ASSETCATALOG_COMPILER_GLOBAL_ACCENT_COLOR_NAME = AccentColor;
				CLANG_ANALYZER_NONNULL = YES;
				CLANG_ANALYZER_NUMBER_OBJECT_CONVERSION = YES_AGGRESSIVE;
				CLANG_CXX_LANGUAGE_STANDARD = "gnu++20";
				CLANG_ENABLE_MODULES = YES;
				CLANG_ENABLE_OBJC_ARC = YES;
				CLANG_ENABLE_OBJC_WEAK = YES;
				CLANG_WARN_BLOCK_CAPTURE_AUTORELEASING = YES;
				CLANG_WARN_BOOL_CONVERSION = YES;
				CLANG_WARN_COMMA = YES;
				CLANG_WARN_CONSTANT_CONVERSION = YES;
				CLANG_WARN_DEPRECATED_OBJC_IMPLEMENTATIONS = YES;
				CLANG_WARN_DIRECT_OBJC_ISA_USAGE = YES_ERROR;
				CLANG_WARN_DOCUMENTATION_COMMENTS = YES;
				CLANG_WARN_EMPTY_BODY = YES;
				CLANG_WARN_ENUM_CONVERSION = YES;
				CLANG_WARN_INFINITE_RECURSION = YES;
				CLANG_WARN_INT_CONVERSION = YES;
				CLANG_WARN_NON_LITERAL_NULL_CONVERSION = YES;
				CLANG_WARN_OBJC_IMPLICIT_RETAIN_SELF = YES;
				CLANG_WARN_OBJC_LITERAL_CONVERSION = YES;
				CLANG_WARN_OBJC_ROOT_CLASS = YES_ERROR;
				CLANG_WARN_QUOTED_INCLUDE_IN_FRAMEWORK_HEADER = YES;
				CLANG_WARN_RANGE_LOOP_ANALYSIS = YES;
				CLANG_WARN_STRICT_PROTOTYPES = YES;
				CLANG_WARN_SUSPICIOUS_MOVE = YES;
				CLANG_WARN_UNGUARDED_AVAILABILITY = YES_AGGRESSIVE;
				CLANG_WARN_UNREACHABLE_CODE = YES;
				CLANG_WARN__DUPLICATE_METHOD_MATCH = YES;
				COPY_PHASE_STRIP = NO;
				DEBUG_INFORMATION_FORMAT = dwarf;
				ENABLE_STRICT_OBJC_MSGSEND = YES;
				ENABLE_TESTABILITY = YES;
				ENABLE_USER_SCRIPT_SANDBOXING = YES;
				GCC_C_LANGUAGE_STANDARD = gnu17;
				GCC_DYNAMIC_NO_PIC = NO;
				GCC_NO_COMMON_BLOCKS = YES;
				GCC_OPTIMIZATION_LEVEL = 0;
				GCC_PREPROCESSOR_DEFINITIONS = (
					"DEBUG=1",
					"$(inherited)",
				);
				GCC_WARN_64_TO_32_BIT_CONVERSION = YES;
				GCC_WARN_ABOUT_RETURN_TYPE = YES_ERROR;
				GCC_WARN_UNDECLARED_SELECTOR = YES;
				GCC_WARN_UNINITIALIZED_AUTOS = YES_AGGRESSIVE;
				GCC_WARN_UNUSED_FUNCTION = YES;
				GCC_WARN_UNUSED_VARIABLE = YES;
				IPHONEOS_DEPLOYMENT_TARGET = 17.0;
				LOCALIZATION_PREFERS_STRING_CATALOGS = YES;
				MTL_ENABLE_DEBUG_INFO = INCLUDE_SOURCE;
				MTL_FAST_MATH = YES;
				ONLY_ACTIVE_ARCH = YES;
				SDKROOT = iphoneos;
				SWIFT_ACTIVE_COMPILATION_CONDITIONS = "DEBUG $(inherited)";
				SWIFT_OPTIMIZATION_LEVEL = "-Onone";
				SWIFT_STRICT_CONCURRENCY = complete;
				SWIFT_VERSION = 6.0;
			};
			name = Debug;
		};
		43D1CF722D80860E00AC1ED9 /* Release */ = {
			isa = XCBuildConfiguration;
			buildSettings = {
				ALWAYS_SEARCH_USER_PATHS = NO;
				ASSETCATALOG_COMPILER_GENERATE_SWIFT_ASSET_SYMBOL_EXTENSIONS = YES;
				ASSETCATALOG_COMPILER_GLOBAL_ACCENT_COLOR_NAME = AccentColor;
				CLANG_ANALYZER_NONNULL = YES;
				CLANG_ANALYZER_NUMBER_OBJECT_CONVERSION = YES_AGGRESSIVE;
				CLANG_CXX_LANGUAGE_STANDARD = "gnu++20";
				CLANG_ENABLE_MODULES = YES;
				CLANG_ENABLE_OBJC_ARC = YES;
				CLANG_ENABLE_OBJC_WEAK = YES;
				CLANG_WARN_BLOCK_CAPTURE_AUTORELEASING = YES;
				CLANG_WARN_BOOL_CONVERSION = YES;
				CLANG_WARN_COMMA = YES;
				CLANG_WARN_CONSTANT_CONVERSION = YES;
				CLANG_WARN_DEPRECATED_OBJC_IMPLEMENTATIONS = YES;
				CLANG_WARN_DIRECT_OBJC_ISA_USAGE = YES_ERROR;
				CLANG_WARN_DOCUMENTATION_COMMENTS = YES;
				CLANG_WARN_EMPTY_BODY = YES;
				CLANG_WARN_ENUM_CONVERSION = YES;
				CLANG_WARN_INFINITE_RECURSION = YES;
				CLANG_WARN_INT_CONVERSION = YES;
				CLANG_WARN_NON_LITERAL_NULL_CONVERSION = YES;
				CLANG_WARN_OBJC_IMPLICIT_RETAIN_SELF = YES;
				CLANG_WARN_OBJC_LITERAL_CONVERSION = YES;
				CLANG_WARN_OBJC_ROOT_CLASS = YES_ERROR;
				CLANG_WARN_QUOTED_INCLUDE_IN_FRAMEWORK_HEADER = YES;
				CLANG_WARN_RANGE_LOOP_ANALYSIS = YES;
				CLANG_WARN_STRICT_PROTOTYPES = YES;
				CLANG_WARN_SUSPICIOUS_MOVE = YES;
				CLANG_WARN_UNGUARDED_AVAILABILITY = YES_AGGRESSIVE;
				CLANG_WARN_UNREACHABLE_CODE = YES;
				CLANG_WARN__DUPLICATE_METHOD_MATCH = YES;
				COPY_PHASE_STRIP = NO;
				DEBUG_INFORMATION_FORMAT = "dwarf-with-dsym";
				ENABLE_NS_ASSERTIONS = NO;
				ENABLE_STRICT_OBJC_MSGSEND = YES;
				ENABLE_USER_SCRIPT_SANDBOXING = YES;
				GCC_C_LANGUAGE_STANDARD = gnu17;
				GCC_NO_COMMON_BLOCKS = YES;
				GCC_WARN_64_TO_32_BIT_CONVERSION = YES;
				GCC_WARN_ABOUT_RETURN_TYPE = YES_ERROR;
				GCC_WARN_UNDECLARED_SELECTOR = YES;
				GCC_WARN_UNINITIALIZED_AUTOS = YES_AGGRESSIVE;
				GCC_WARN_UNUSED_FUNCTION = YES;
				GCC_WARN_UNUSED_VARIABLE = YES;
				IPHONEOS_DEPLOYMENT_TARGET = 17.0;
				LOCALIZATION_PREFERS_STRING_CATALOGS = YES;
				MTL_ENABLE_DEBUG_INFO = NO;
				MTL_FAST_MATH = YES;
				SDKROOT = iphoneos;
				SWIFT_COMPILATION_MODE = wholemodule;
				SWIFT_STRICT_CONCURRENCY = complete;
				SWIFT_VERSION = 6.0;
				VALIDATE_PRODUCT = YES;
			};
			name = Release;
		};
		43D1CF742D80860E00AC1ED9 /* Debug */ = {
			isa = XCBuildConfiguration;
			buildSettings = {
				ASSETCATALOG_COMPILER_APPICON_NAME = AppIcon;
				ASSETCATALOG_COMPILER_GLOBAL_ACCENT_COLOR_NAME = AccentColor;
				CODE_SIGN_STYLE = Automatic;
				CURRENT_PROJECT_VERSION = 1;
				DEVELOPMENT_ASSET_PATHS = "\"BackgroundTransferRevised-Example/Preview Content\"";
				ENABLE_PREVIEWS = YES;
				GENERATE_INFOPLIST_FILE = YES;
				INFOPLIST_FILE = "BackgroundTransferRevised-Example/Application/Info.plist";
				INFOPLIST_KEY_UIApplicationSceneManifest_Generation = YES;
				INFOPLIST_KEY_UIApplicationSupportsIndirectInputEvents = YES;
				INFOPLIST_KEY_UILaunchScreen_Generation = YES;
				INFOPLIST_KEY_UISupportedInterfaceOrientations_iPad = "UIInterfaceOrientationPortrait UIInterfaceOrientationPortraitUpsideDown UIInterfaceOrientationLandscapeLeft UIInterfaceOrientationLandscapeRight";
				INFOPLIST_KEY_UISupportedInterfaceOrientations_iPhone = "UIInterfaceOrientationPortrait UIInterfaceOrientationLandscapeLeft UIInterfaceOrientationLandscapeRight";
				LD_RUNPATH_SEARCH_PATHS = (
					"$(inherited)",
					"@executable_path/Frameworks",
				);
				MARKETING_VERSION = 1.0;
				PRODUCT_BUNDLE_IDENTIFIER = "com.williamboles.BackgroundTransferRevised-Example";
				PRODUCT_NAME = "$(TARGET_NAME)";
				SUPPORTED_PLATFORMS = "iphoneos iphonesimulator";
				SUPPORTS_MACCATALYST = NO;
				SUPPORTS_MAC_DESIGNED_FOR_IPHONE_IPAD = NO;
				SUPPORTS_XR_DESIGNED_FOR_IPHONE_IPAD = NO;
				SWIFT_EMIT_LOC_STRINGS = YES;
				TARGETED_DEVICE_FAMILY = 1;
			};
			name = Debug;
		};
		43D1CF752D80860E00AC1ED9 /* Release */ = {
			isa = XCBuildConfiguration;
			buildSettings = {
				ASSETCATALOG_COMPILER_APPICON_NAME = AppIcon;
				ASSETCATALOG_COMPILER_GLOBAL_ACCENT_COLOR_NAME = AccentColor;
				CODE_SIGN_STYLE = Automatic;
				CURRENT_PROJECT_VERSION = 1;
				DEVELOPMENT_ASSET_PATHS = "\"BackgroundTransferRevised-Example/Preview Content\"";
				ENABLE_PREVIEWS = YES;
				GENERATE_INFOPLIST_FILE = YES;
				INFOPLIST_FILE = "BackgroundTransferRevised-Example/Application/Info.plist";
				INFOPLIST_KEY_UIApplicationSceneManifest_Generation = YES;
				INFOPLIST_KEY_UIApplicationSupportsIndirectInputEvents = YES;
				INFOPLIST_KEY_UILaunchScreen_Generation = YES;
				INFOPLIST_KEY_UISupportedInterfaceOrientations_iPad = "UIInterfaceOrientationPortrait UIInterfaceOrientationPortraitUpsideDown UIInterfaceOrientationLandscapeLeft UIInterfaceOrientationLandscapeRight";
				INFOPLIST_KEY_UISupportedInterfaceOrientations_iPhone = "UIInterfaceOrientationPortrait UIInterfaceOrientationLandscapeLeft UIInterfaceOrientationLandscapeRight";
				LD_RUNPATH_SEARCH_PATHS = (
					"$(inherited)",
					"@executable_path/Frameworks",
				);
				MARKETING_VERSION = 1.0;
				PRODUCT_BUNDLE_IDENTIFIER = "com.williamboles.BackgroundTransferRevised-Example";
				PRODUCT_NAME = "$(TARGET_NAME)";
				SUPPORTED_PLATFORMS = "iphoneos iphonesimulator";
				SUPPORTS_MACCATALYST = NO;
				SUPPORTS_MAC_DESIGNED_FOR_IPHONE_IPAD = NO;
				SUPPORTS_XR_DESIGNED_FOR_IPHONE_IPAD = NO;
				SWIFT_EMIT_LOC_STRINGS = YES;
				TARGETED_DEVICE_FAMILY = 1;
			};
			name = Release;
		};
		43D1CF772D80860E00AC1ED9 /* Debug */ = {
			isa = XCBuildConfiguration;
			buildSettings = {
				BUNDLE_LOADER = "$(TEST_HOST)";
				CODE_SIGN_STYLE = Automatic;
				CURRENT_PROJECT_VERSION = 1;
				GENERATE_INFOPLIST_FILE = NO;
				INFOPLIST_FILE = "BackgroundTransferRevised-ExampleTests/Info.plist";
				IPHONEOS_DEPLOYMENT_TARGET = 17.0;
				MARKETING_VERSION = 1.0;
				PRODUCT_BUNDLE_IDENTIFIER = "com.williamboles.BackgroundTransferRevised-ExampleTests";
				PRODUCT_NAME = "$(TARGET_NAME)";
				SUPPORTED_PLATFORMS = "iphoneos iphonesimulator";
				SUPPORTS_MACCATALYST = NO;
				SUPPORTS_MAC_DESIGNED_FOR_IPHONE_IPAD = NO;
				SUPPORTS_XR_DESIGNED_FOR_IPHONE_IPAD = NO;
				SWIFT_EMIT_LOC_STRINGS = NO;
				TARGETED_DEVICE_FAMILY = 1;
				TEST_HOST = "$(BUILT_PRODUCTS_DIR)/BackgroundTransferRevised-Example.app/$(BUNDLE_EXECUTABLE_FOLDER_PATH)/BackgroundTransferRevised-Example";
			};
			name = Debug;
		};
		43D1CF782D80860E00AC1ED9 /* Release */ = {
			isa = XCBuildConfiguration;
			buildSettings = {
				BUNDLE_LOADER = "$(TEST_HOST)";
				CODE_SIGN_STYLE = Automatic;
				CURRENT_PROJECT_VERSION = 1;
				GENERATE_INFOPLIST_FILE = NO;
				INFOPLIST_FILE = "BackgroundTransferRevised-ExampleTests/Info.plist";
				IPHONEOS_DEPLOYMENT_TARGET = 17.0;
				MARKETING_VERSION = 1.0;
				PRODUCT_BUNDLE_IDENTIFIER = "com.williamboles.BackgroundTransferRevised-ExampleTests";
				PRODUCT_NAME = "$(TARGET_NAME)";
				SUPPORTED_PLATFORMS = "iphoneos iphonesimulator";
				SUPPORTS_MACCATALYST = NO;
				SUPPORTS_MAC_DESIGNED_FOR_IPHONE_IPAD = NO;
				SUPPORTS_XR_DESIGNED_FOR_IPHONE_IPAD = NO;
				SWIFT_EMIT_LOC_STRINGS = NO;
				TARGETED_DEVICE_FAMILY = 1;
				TEST_HOST = "$(BUILT_PRODUCTS_DIR)/BackgroundTransferRevised-Example.app/$(BUNDLE_EXECUTABLE_FOLDER_PATH)/BackgroundTransferRevised-Example";
			};
			name = Release;
		};
/* End XCBuildConfiguration section */

/* Begin XCConfigurationList section */
		43D1CF4A2D80860C00AC1ED9 /* Build configuration list for PBXProject "BackgroundTransferRevised-Example" */ = {
			isa = XCConfigurationList;
			buildConfigurations = (
				43D1CF712D80860E00AC1ED9 /* Debug */,
				43D1CF722D80860E00AC1ED9 /* Release */,
			);
			defaultConfigurationIsVisible = 0;
			defaultConfigurationName = Release;
		};
		43D1CF732D80860E00AC1ED9 /* Build configuration list for PBXNativeTarget "BackgroundTransferRevised-Example" */ = {
			isa = XCConfigurationList;
			buildConfigurations = (
				43D1CF742D80860E00AC1ED9 /* Debug */,
				43D1CF752D80860E00AC1ED9 /* Release */,
			);
			defaultConfigurationIsVisible = 0;
			defaultConfigurationName = Release;
		};
		43D1CF762D80860E00AC1ED9 /* Build configuration list for PBXNativeTarget "BackgroundTransferRevised-ExampleTests" */ = {
			isa = XCConfigurationList;
			buildConfigurations = (
				43D1CF772D80860E00AC1ED9 /* Debug */,
				43D1CF782D80860E00AC1ED9 /* Release */,
			);
			defaultConfigurationIsVisible = 0;
			defaultConfigurationName = Release;
		};
/* End XCConfigurationList section */
	};
	rootObject = 43D1CF472D80860C00AC1ED9 /* Project object */;
}
